
Microsoft Visual Studio Solution File, Format Version 12.00
# Visual Studio Version 17
VisualStudioVersion = 17.2.32616.157
MinimumVisualStudioVersion = 10.0.40219.1
Project("{54A90642-561A-4BB1-A94E-469ADEE60C69}") = "RabotRoverFE", "RabotRoverFE\RabotRoverFE.esproj", "{BBA2CE1D-AD11-4A99-900E-A306E1F3DA9A}"
EndProject
Global
	GlobalSection(SolutionConfigurationPlatforms) = preSolution
		Debug|Any CPU = Debug|Any CPU
		Release|Any CPU = Release|Any CPU
	EndGlobalSection
	GlobalSection(ProjectConfigurationPlatforms) = postSolution
		{BBA2CE1D-AD11-4A99-900E-A306E1F3DA9A}.Debug|Any CPU.ActiveCfg = Debug|Any CPU
		{BBA2CE1D-AD11-4A99-900E-A306E1F3DA9A}.Debug|Any CPU.Build.0 = Debug|Any CPU
		{BBA2CE1D-AD11-4A99-900E-A306E1F3DA9A}.Debug|Any CPU.Deploy.0 = Debug|Any CPU
		{BBA2CE1D-AD11-4A99-900E-A306E1F3DA9A}.Release|Any CPU.ActiveCfg = Release|Any CPU
		{BBA2CE1D-AD11-4A99-900E-A306E1F3DA9A}.Release|Any CPU.Build.0 = Release|Any CPU
		{BBA2CE1D-AD11-4A99-900E-A306E1F3DA9A}.Release|Any CPU.Deploy.0 = Release|Any CPU
	EndGlobalSection
	GlobalSection(SolutionProperties) = preSolution
		HideSolutionNode = FALSE
	EndGlobalSection
	GlobalSection(ExtensibilityGlobals) = postSolution
		SolutionGuid = {24A2EEDD-4930-4EA4-8173-0F36E87E545D}
	EndGlobalSection
EndGlobal
